
Microsoft Visual Studio Solution File, Format Version 12.00
# Visual Studio Version 17
VisualStudioVersion = 17.7.34221.43
MinimumVisualStudioVersion = 10.0.40219.1
Project("{FAE04EC0-301F-11D3-BF4B-00C04F79EFBC}") = "JamImproved", "JamImproved\JamImproved.csproj", "{690DDAFC-1A45-47E6-BD04-5A6C0C1BD9AD}"
EndProject
Global
	GlobalSection(SolutionConfigurationPlatforms) = preSolution
		Debug|Any CPU = Debug|Any CPU
		Release|Any CPU = Release|Any CPU
	EndGlobalSection
	GlobalSection(ProjectConfigurationPlatforms) = postSolution
		{690DDAFC-1A45-47E6-BD04-5A6C0C1BD9AD}.Debug|Any CPU.ActiveCfg = Debug|Any CPU
		{690DDAFC-1A45-47E6-BD04-5A6C0C1BD9AD}.Debug|Any CPU.Build.0 = Debug|Any CPU
		{690DDAFC-1A45-47E6-BD04-5A6C0C1BD9AD}.Release|Any CPU.ActiveCfg = Release|Any CPU
		{690DDAFC-1A45-47E6-BD04-5A6C0C1BD9AD}.Release|Any CPU.Build.0 = Release|Any CPU
	EndGlobalSection
	GlobalSection(SolutionProperties) = preSolution
		HideSolutionNode = FALSE
	EndGlobalSection
	GlobalSection(ExtensibilityGlobals) = postSolution
		SolutionGuid = {30CD5442-F8C1-4619-BC1F-EFFCF511E3C5}
	EndGlobalSection
EndGlobal
